
Microsoft Visual Studio Solution File, Format Version 12.00
# Visual Studio Version 17
VisualStudioVersion = 17.5.33627.172
MinimumVisualStudioVersion = 10.0.40219.1
Project("{2150E333-8FDC-42A3-9474-1A3956D46DE8}") = "src", "src", "{35EF1F75-9FDF-45D9-9654-C93096011EA8}"
EndProject
Project("{2150E333-8FDC-42A3-9474-1A3956D46DE8}") = "Core", "Core", "{FFFE5B1D-6F9E-42D1-9454-E5B2F2239263}"
EndProject
Project("{2150E333-8FDC-42A3-9474-1A3956D46DE8}") = "External", "External", "{29121C61-F550-49B7-826B-C99F96B88C28}"
EndProject
Project("{FAE04EC0-301F-11D3-BF4B-00C04F79EFBC}") = "Application", "Application\Application.csproj", "{AEBA5BD5-A992-47A5-8903-37FF66B08545}"
EndProject
Project("{FAE04EC0-301F-11D3-BF4B-00C04F79EFBC}") = "Domain", "Domain\Domain.csproj", "{72C3A365-6953-410A-BE13-4FDD581D76C9}"
EndProject
Project("{FAE04EC0-301F-11D3-BF4B-00C04F79EFBC}") = "Infrastructure", "Infrastructure\Infrastructure.csproj", "{9597E7E7-76A3-42D3-AC7C-AF9BF14E877A}"
EndProject
Project("{FAE04EC0-301F-11D3-BF4B-00C04F79EFBC}") = "Presentation", "Presentation\Presentation.csproj", "{C4DD31E6-E9B5-489D-9753-1FD66ED0D9B5}"
EndProject
Project("{FAE04EC0-301F-11D3-BF4B-00C04F79EFBC}") = "Web", "Web\Web.csproj", "{53EB4B76-AA2D-4A83-B3A8-E40C700E7872}"
EndProject
Project("{2150E333-8FDC-42A3-9474-1A3956D46DE8}") = "test", "test", "{AF233098-F653-49E6-B717-138A0199878F}"
EndProject
Project("{FAE04EC0-301F-11D3-BF4B-00C04F79EFBC}") = "Architecture.Tests", "Architecture.Tests\Architecture.Tests.csproj", "{85D38FF8-43BD-4B1C-9FE2-558C8B2F0513}"
EndProject
Global
	GlobalSection(SolutionConfigurationPlatforms) = preSolution
		Debug|Any CPU = Debug|Any CPU
		Release|Any CPU = Release|Any CPU
	EndGlobalSection
	GlobalSection(ProjectConfigurationPlatforms) = postSolution
		{AEBA5BD5-A992-47A5-8903-37FF66B08545}.Debug|Any CPU.ActiveCfg = Debug|Any CPU
		{AEBA5BD5-A992-47A5-8903-37FF66B08545}.Debug|Any CPU.Build.0 = Debug|Any CPU
		{AEBA5BD5-A992-47A5-8903-37FF66B08545}.Release|Any CPU.ActiveCfg = Release|Any CPU
		{AEBA5BD5-A992-47A5-8903-37FF66B08545}.Release|Any CPU.Build.0 = Release|Any CPU
		{72C3A365-6953-410A-BE13-4FDD581D76C9}.Debug|Any CPU.ActiveCfg = Debug|Any CPU
		{72C3A365-6953-410A-BE13-4FDD581D76C9}.Debug|Any CPU.Build.0 = Debug|Any CPU
		{72C3A365-6953-410A-BE13-4FDD581D76C9}.Release|Any CPU.ActiveCfg = Release|Any CPU
		{72C3A365-6953-410A-BE13-4FDD581D76C9}.Release|Any CPU.Build.0 = Release|Any CPU
		{9597E7E7-76A3-42D3-AC7C-AF9BF14E877A}.Debug|Any CPU.ActiveCfg = Debug|Any CPU
		{9597E7E7-76A3-42D3-AC7C-AF9BF14E877A}.Debug|Any CPU.Build.0 = Debug|Any CPU
		{9597E7E7-76A3-42D3-AC7C-AF9BF14E877A}.Release|Any CPU.ActiveCfg = Release|Any CPU
		{9597E7E7-76A3-42D3-AC7C-AF9BF14E877A}.Release|Any CPU.Build.0 = Release|Any CPU
		{C4DD31E6-E9B5-489D-9753-1FD66ED0D9B5}.Debug|Any CPU.ActiveCfg = Debug|Any CPU
		{C4DD31E6-E9B5-489D-9753-1FD66ED0D9B5}.Debug|Any CPU.Build.0 = Debug|Any CPU
		{C4DD31E6-E9B5-489D-9753-1FD66ED0D9B5}.Release|Any CPU.ActiveCfg = Release|Any CPU
		{C4DD31E6-E9B5-489D-9753-1FD66ED0D9B5}.Release|Any CPU.Build.0 = Release|Any CPU
		{53EB4B76-AA2D-4A83-B3A8-E40C700E7872}.Debug|Any CPU.ActiveCfg = Debug|Any CPU
		{53EB4B76-AA2D-4A83-B3A8-E40C700E7872}.Debug|Any CPU.Build.0 = Debug|Any CPU
		{53EB4B76-AA2D-4A83-B3A8-E40C700E7872}.Release|Any CPU.ActiveCfg = Release|Any CPU
		{53EB4B76-AA2D-4A83-B3A8-E40C700E7872}.Release|Any CPU.Build.0 = Release|Any CPU
		{85D38FF8-43BD-4B1C-9FE2-558C8B2F0513}.Debug|Any CPU.ActiveCfg = Debug|Any CPU
		{85D38FF8-43BD-4B1C-9FE2-558C8B2F0513}.Debug|Any CPU.Build.0 = Debug|Any CPU
		{85D38FF8-43BD-4B1C-9FE2-558C8B2F0513}.Release|Any CPU.ActiveCfg = Release|Any CPU
		{85D38FF8-43BD-4B1C-9FE2-558C8B2F0513}.Release|Any CPU.Build.0 = Release|Any CPU
	EndGlobalSection
	GlobalSection(SolutionProperties) = preSolution
		HideSolutionNode = FALSE
	EndGlobalSection
	GlobalSection(NestedProjects) = preSolution
		{FFFE5B1D-6F9E-42D1-9454-E5B2F2239263} = {35EF1F75-9FDF-45D9-9654-C93096011EA8}
		{29121C61-F550-49B7-826B-C99F96B88C28} = {35EF1F75-9FDF-45D9-9654-C93096011EA8}
		{AEBA5BD5-A992-47A5-8903-37FF66B08545} = {FFFE5B1D-6F9E-42D1-9454-E5B2F2239263}
		{72C3A365-6953-410A-BE13-4FDD581D76C9} = {FFFE5B1D-6F9E-42D1-9454-E5B2F2239263}
		{9597E7E7-76A3-42D3-AC7C-AF9BF14E877A} = {29121C61-F550-49B7-826B-C99F96B88C28}
		{C4DD31E6-E9B5-489D-9753-1FD66ED0D9B5} = {29121C61-F550-49B7-826B-C99F96B88C28}
		{53EB4B76-AA2D-4A83-B3A8-E40C700E7872} = {35EF1F75-9FDF-45D9-9654-C93096011EA8}
		{85D38FF8-43BD-4B1C-9FE2-558C8B2F0513} = {AF233098-F653-49E6-B717-138A0199878F}
	EndGlobalSection
	GlobalSection(ExtensibilityGlobals) = postSolution
		SolutionGuid = {C83ED9C9-A1CB-44B8-BA67-5236487D7CB5}
	EndGlobalSection
EndGlobal
