
Microsoft Visual Studio Solution File, Format Version 12.00
# Visual Studio Version 17
VisualStudioVersion = 17.6.33829.357
MinimumVisualStudioVersion = 10.0.40219.1
Project("{FAE04EC0-301F-11D3-BF4B-00C04F79EFBC}") = "Factory", "Factory\Factory.csproj", "{F2E739F8-A169-4ADF-AE9D-73801AA0FCC5}"
EndProject
Project("{FAE04EC0-301F-11D3-BF4B-00C04F79EFBC}") = "AbstractFactory", "AbstractFactory\AbstractFactory.csproj", "{5447073B-3C5D-47F1-ABD8-22CD5603E787}"
EndProject
Project("{FAE04EC0-301F-11D3-BF4B-00C04F79EFBC}") = "FactoryMethod", "FactoryMethod\FactoryMethod.csproj", "{6115A9A4-491D-41D5-B5E0-41DD95C6C34B}"
EndProject
Global
	GlobalSection(SolutionConfigurationPlatforms) = preSolution
		Debug|Any CPU = Debug|Any CPU
		Release|Any CPU = Release|Any CPU
	EndGlobalSection
	GlobalSection(ProjectConfigurationPlatforms) = postSolution
		{F2E739F8-A169-4ADF-AE9D-73801AA0FCC5}.Debug|Any CPU.ActiveCfg = Debug|Any CPU
		{F2E739F8-A169-4ADF-AE9D-73801AA0FCC5}.Debug|Any CPU.Build.0 = Debug|Any CPU
		{F2E739F8-A169-4ADF-AE9D-73801AA0FCC5}.Release|Any CPU.ActiveCfg = Release|Any CPU
		{F2E739F8-A169-4ADF-AE9D-73801AA0FCC5}.Release|Any CPU.Build.0 = Release|Any CPU
		{5447073B-3C5D-47F1-ABD8-22CD5603E787}.Debug|Any CPU.ActiveCfg = Debug|Any CPU
		{5447073B-3C5D-47F1-ABD8-22CD5603E787}.Debug|Any CPU.Build.0 = Debug|Any CPU
		{5447073B-3C5D-47F1-ABD8-22CD5603E787}.Release|Any CPU.ActiveCfg = Release|Any CPU
		{5447073B-3C5D-47F1-ABD8-22CD5603E787}.Release|Any CPU.Build.0 = Release|Any CPU
		{6115A9A4-491D-41D5-B5E0-41DD95C6C34B}.Debug|Any CPU.ActiveCfg = Debug|Any CPU
		{6115A9A4-491D-41D5-B5E0-41DD95C6C34B}.Debug|Any CPU.Build.0 = Debug|Any CPU
		{6115A9A4-491D-41D5-B5E0-41DD95C6C34B}.Release|Any CPU.ActiveCfg = Release|Any CPU
		{6115A9A4-491D-41D5-B5E0-41DD95C6C34B}.Release|Any CPU.Build.0 = Release|Any CPU
	EndGlobalSection
	GlobalSection(SolutionProperties) = preSolution
		HideSolutionNode = FALSE
	EndGlobalSection
	GlobalSection(ExtensibilityGlobals) = postSolution
		SolutionGuid = {238F8C0A-585F-4B42-BE00-C2CA31D73838}
	EndGlobalSection
EndGlobal
