
Microsoft Visual Studio Solution File, Format Version 12.00
# Visual Studio Version 17
VisualStudioVersion = 17.6.33829.357
MinimumVisualStudioVersion = 10.0.40219.1
Project("{FAE04EC0-301F-11D3-BF4B-00C04F79EFBC}") = "UnitOfWorkExample", "UnitOfWorkExample\UnitOfWorkExample.csproj", "{BD5FE632-0FA0-481A-A381-D1D1E16164A8}"
EndProject
Global
	GlobalSection(SolutionConfigurationPlatforms) = preSolution
		Debug|Any CPU = Debug|Any CPU
		Release|Any CPU = Release|Any CPU
	EndGlobalSection
	GlobalSection(ProjectConfigurationPlatforms) = postSolution
		{BD5FE632-0FA0-481A-A381-D1D1E16164A8}.Debug|Any CPU.ActiveCfg = Debug|Any CPU
		{BD5FE632-0FA0-481A-A381-D1D1E16164A8}.Debug|Any CPU.Build.0 = Debug|Any CPU
		{BD5FE632-0FA0-481A-A381-D1D1E16164A8}.Release|Any CPU.ActiveCfg = Release|Any CPU
		{BD5FE632-0FA0-481A-A381-D1D1E16164A8}.Release|Any CPU.Build.0 = Release|Any CPU
	EndGlobalSection
	GlobalSection(SolutionProperties) = preSolution
		HideSolutionNode = FALSE
	EndGlobalSection
	GlobalSection(ExtensibilityGlobals) = postSolution
		SolutionGuid = {C4003545-08FD-474D-886A-98704A300264}
	EndGlobalSection
EndGlobal
